// !$*UTF8*$!
{
	archiveVersion = 1;
	classes = {
	};
	objectVersion = 50;
	objects = {

/* Begin PBXBuildFile section */
		58650C0725CBEE7700C8ACAB /* AppDelegate.swift in Sources */ = {isa = PBXBuildFile; fileRef = 58650C0625CBEE7700C8ACAB /* AppDelegate.swift */; };
		58650C0925CBEE7700C8ACAB /* SceneDelegate.swift in Sources */ = {isa = PBXBuildFile; fileRef = 58650C0825CBEE7700C8ACAB /* SceneDelegate.swift */; };
		58650C0B25CBEE7700C8ACAB /* ViewController.swift in Sources */ = {isa = PBXBuildFile; fileRef = 58650C0A25CBEE7700C8ACAB /* ViewController.swift */; };
		58650C0E25CBEE7700C8ACAB /* Main.storyboard in Resources */ = {isa = PBXBuildFile; fileRef = 58650C0C25CBEE7700C8ACAB /* Main.storyboard */; };
		58650C1025CBEE7800C8ACAB /* Assets.xcassets in Resources */ = {isa = PBXBuildFile; fileRef = 58650C0F25CBEE7800C8ACAB /* Assets.xcassets */; };
		58650C1325CBEE7800C8ACAB /* LaunchScreen.storyboard in Resources */ = {isa = PBXBuildFile; fileRef = 58650C1125CBEE7800C8ACAB /* LaunchScreen.storyboard */; };
/* End PBXBuildFile section */

/* Begin PBXFileReference section */
		58650C0325CBEE7700C8ACAB /* changenew.app */ = {isa = PBXFileReference; explicitFileType = wrapper.application; includeInIndex = 0; path = changenew.app; sourceTree = BUILT_PRODUCTS_DIR; };
		58650C0625CBEE7700C8ACAB /* AppDelegate.swift */ = {isa = PBXFileReference; lastKnownFileType = sourcecode.swift; path = AppDelegate.swift; sourceTree = "<group>"; };
		58650C0825CBEE7700C8ACAB /* SceneDelegate.swift */ = {isa = PBXFileReference; lastKnownFileType = sourcecode.swift; path = SceneDelegate.swift; sourceTree = "<group>"; };
		58650C0A25CBEE7700C8ACAB /* ViewController.swift */ = {isa = PBXFileReference; lastKnownFileType = sourcecode.swift; path = ViewController.swift; sourceTree = "<group>"; };
		58650C0D25CBEE7700C8ACAB /* Base */ = {isa = PBXFileReference; lastKnownFileType = file.storyboard; name = Base; path = Base.lproj/Main.storyboard; sourceTree = "<group>"; };
		58650C0F25CBEE7800C8ACAB /* Assets.xcassets */ = {isa = PBXFileReference; lastKnownFileType = folder.assetcatalog; path = Assets.xcassets; sourceTree = "<group>"; };
		58650C1225CBEE7800C8ACAB /* Base */ = {isa = PBXFileReference; lastKnownFileType = file.storyboard; name = Base; path = Base.lproj/LaunchScreen.storyboard; sourceTree = "<group>"; };
		58650C1425CBEE7800C8ACAB /* Info.plist */ = {isa = PBXFileReference; lastKnownFileType = text.plist.xml; path = Info.plist; sourceTree = "<group>"; };
/* End PBXFileReference section */

/* Begin PBXFrameworksBuildPhase section */
		58650C0025CBEE7700C8ACAB /* Frameworks */ = {
			isa = PBXFrameworksBuildPhase;
			buildActionMask = 2147483647;
			files = (
			);
			runOnlyForDeploymentPostprocessing = 0;
		};
/* End PBXFrameworksBuildPhase section */

/* Begin PBXGroup section */
		58650BFA25CBEE7700C8ACAB = {
			isa = PBXGroup;
			children = (
				58650C0525CBEE7700C8ACAB /* changenew */,
				58650C0425CBEE7700C8ACAB /* Products */,
			);
			sourceTree = "<group>";
		};
		58650C0425CBEE7700C8ACAB /* Products */ = {
			isa = PBXGroup;
			children = (
				58650C0325CBEE7700C8ACAB /* changenew.app */,
			);
			name = Products;
			sourceTree = "<group>";
		};
		58650C0525CBEE7700C8ACAB /* changenew */ = {
			isa = PBXGroup;
			children = (
				58650C0625CBEE7700C8ACAB /* AppDelegate.swift */,
				58650C0825CBEE7700C8ACAB /* SceneDelegate.swift */,
				58650C0A25CBEE7700C8ACAB /* ViewController.swift */,
				58650C0C25CBEE7700C8ACAB /* Main.storyboard */,
				58650C0F25CBEE7800C8ACAB /* Assets.xcassets */,
				58650C1125CBEE7800C8ACAB /* LaunchScreen.storyboard */,
				58650C1425CBEE7800C8ACAB /* Info.plist */,
			);
			path = changenew;
			sourceTree = "<group>";
		};
/* End PBXGroup section */

/* Begin PBXNativeTarget section */
		58650C0225CBEE7700C8ACAB /* changenew */ = {
			isa = PBXNativeTarget;
			buildConfigurationList = 58650C1725CBEE7800C8ACAB /* Build configuration list for PBXNativeTarget "changenew" */;
			buildPhases = (
				58650BFF25CBEE7700C8ACAB /* Sources */,
				58650C0025CBEE7700C8ACAB /* Frameworks */,
				58650C0125CBEE7700C8ACAB /* Resources */,
			);
			buildRules = (
			);
			dependencies = (
			);
			name = changenew;
			productName = changenew;
			productReference = 58650C0325CBEE7700C8ACAB /* changenew.app */;
			productType = "com.apple.product-type.application";
		};
/* End PBXNativeTarget section */

/* Begin PBXProject section */
		58650BFB25CBEE7700C8ACAB /* Project object */ = {
			isa = PBXProject;
			attributes = {
				LastSwiftUpdateCheck = 1240;
				LastUpgradeCheck = 1240;
				TargetAttributes = {
					58650C0225CBEE7700C8ACAB = {
						CreatedOnToolsVersion = 12.4;
					};
				};
			};
			buildConfigurationList = 58650BFE25CBEE7700C8ACAB /* Build configuration list for PBXProject "changenew" */;
			compatibilityVersion = "Xcode 9.3";
			developmentRegion = en;
			hasScannedForEncodings = 0;
			knownRegions = (
				en,
				Base,
			);
			mainGroup = 58650BFA25CBEE7700C8ACAB;
			productRefGroup = 58650C0425CBEE7700C8ACAB /* Products */;
			projectDirPath = "";
			projectRoot = "";
			targets = (
				58650C0225CBEE7700C8ACAB /* changenew */,
			);
		};
/* End PBXProject section */

/* Begin PBXResourcesBuildPhase section */
		58650C0125CBEE7700C8ACAB /* Resources */ = {
			isa = PBXResourcesBuildPhase;
			buildActionMask = 2147483647;
			files = (
				58650C1325CBEE7800C8ACAB /* LaunchScreen.storyboard in Resources */,
				58650C1025CBEE7800C8ACAB /* Assets.xcassets in Resources */,
				58650C0E25CBEE7700C8ACAB /* Main.storyboard in Resources */,
			);
			runOnlyForDeploymentPostprocessing = 0;
		};
/* End PBXResourcesBuildPhase section */

/* Begin PBXSourcesBuildPhase section */
		58650BFF25CBEE7700C8ACAB /* Sources */ = {
			isa = PBXSourcesBuildPhase;
			buildActionMask = 2147483647;
			files = (
				58650C0B25CBEE7700C8ACAB /* ViewController.swift in Sources */,
				58650C0725CBEE7700C8ACAB /* AppDelegate.swift in Sources */,
				58650C0925CBEE7700C8ACAB /* SceneDelegate.swift in Sources */,
			);
			runOnlyForDeploymentPostprocessing = 0;
		};
/* End PBXSourcesBuildPhase section */

/* Begin PBXVariantGroup section */
		58650C0C25CBEE7700C8ACAB /* Main.storyboard */ = {
			isa = PBXVariantGroup;
			children = (
				58650C0D25CBEE7700C8ACAB /* Base */,
			);
			name = Main.storyboard;
			sourceTree = "<group>";
		};
		58650C1125CBEE7800C8ACAB /* LaunchScreen.storyboard */ = {
			isa = PBXVariantGroup;
			children = (
				58650C1225CBEE7800C8ACAB /* Base */,
			);
			name = LaunchScreen.storyboard;
			sourceTree = "<group>";
		};
/* End PBXVariantGroup section */

/* Begin XCBuildConfiguration section */
		58650C1525CBEE7800C8ACAB /* Debug */ = {
			isa = XCBuildConfiguration;
			buildSettings = {
				ALWAYS_SEARCH_USER_PATHS = NO;
				CLANG_ANALYZER_NONNULL = YES;
				CLANG_ANALYZER_NUMBER_OBJECT_CONVERSION = YES_AGGRESSIVE;
				CLANG_CXX_LANGUAGE_STANDARD = "gnu++14";
				CLANG_CXX_LIBRARY = "libc++";
				CLANG_ENABLE_MODULES = YES;
				CLANG_ENABLE_OBJC_ARC = YES;
				CLANG_ENABLE_OBJC_WEAK = YES;
				CLANG_WARN_BLOCK_CAPTURE_AUTORELEASING = YES;
				CLANG_WARN_BOOL_CONVERSION = YES;
				CLANG_WARN_COMMA = YES;
				CLANG_WARN_CONSTANT_CONVERSION = YES;
				CLANG_WARN_DEPRECATED_OBJC_IMPLEMENTATIONS = YES;
				CLANG_WARN_DIRECT_OBJC_ISA_USAGE = YES_ERROR;
				CLANG_WARN_DOCUMENTATION_COMMENTS = YES;
				CLANG_WARN_EMPTY_BODY = YES;
				CLANG_WARN_ENUM_CONVERSION = YES;
				CLANG_WARN_INFINITE_RECURSION = YES;
				CLANG_WARN_INT_CONVERSION = YES;
				CLANG_WARN_NON_LITERAL_NULL_CONVERSION = YES;
				CLANG_WARN_OBJC_IMPLICIT_RETAIN_SELF = YES;
				CLANG_WARN_OBJC_LITERAL_CONVERSION = YES;
				CLANG_WARN_OBJC_ROOT_CLASS = YES_ERROR;
				CLANG_WARN_QUOTED_INCLUDE_IN_FRAMEWORK_HEADER = YES;
				CLANG_WARN_RANGE_LOOP_ANALYSIS = YES;
				CLANG_WARN_STRICT_PROTOTYPES = YES;
				CLANG_WARN_SUSPICIOUS_MOVE = YES;
				CLANG_WARN_UNGUARDED_AVAILABILITY = YES_AGGRESSIVE;
				CLANG_WARN_UNREACHABLE_CODE = YES;
				CLANG_WARN__DUPLICATE_METHOD_MATCH = YES;
				COPY_PHASE_STRIP = NO;
				DEBUG_INFORMATION_FORMAT = dwarf;
				ENABLE_STRICT_OBJC_MSGSEND = YES;
				ENABLE_TESTABILITY = YES;
				GCC_C_LANGUAGE_STANDARD = gnu11;
				GCC_DYNAMIC_NO_PIC = NO;
				GCC_NO_COMMON_BLOCKS = YES;
				GCC_OPTIMIZATION_LEVEL = 0;
				GCC_PREPROCESSOR_DEFINITIONS = (
					"DEBUG=1",
					"$(inherited)",
				);
				GCC_WARN_64_TO_32_BIT_CONVERSION = YES;
				GCC_WARN_ABOUT_RETURN_TYPE = YES_ERROR;
				GCC_WARN_UNDECLARED_SELECTOR = YES;
				GCC_WARN_UNINITIALIZED_AUTOS = YES_AGGRESSIVE;
				GCC_WARN_UNUSED_FUNCTION = YES;
				GCC_WARN_UNUSED_VARIABLE = YES;
				IPHONEOS_DEPLOYMENT_TARGET = 14.4;
				MTL_ENABLE_DEBUG_INFO = INCLUDE_SOURCE;
				MTL_FAST_MATH = YES;
				ONLY_ACTIVE_ARCH = YES;
				SDKROOT = iphoneos;
				SWIFT_ACTIVE_COMPILATION_CONDITIONS = DEBUG;
				SWIFT_OPTIMIZATION_LEVEL = "-Onone";
			};
			name = Debug;
		};
		58650C1625CBEE7800C8ACAB /* Release */ = {
			isa = XCBuildConfiguration;
			buildSettings = {
				ALWAYS_SEARCH_USER_PATHS = NO;
				CLANG_ANALYZER_NONNULL = YES;
				CLANG_ANALYZER_NUMBER_OBJECT_CONVERSION = YES_AGGRESSIVE;
				CLANG_CXX_LANGUAGE_STANDARD = "gnu++14";
				CLANG_CXX_LIBRARY = "libc++";
				CLANG_ENABLE_MODULES = YES;
				CLANG_ENABLE_OBJC_ARC = YES;
				CLANG_ENABLE_OBJC_WEAK = YES;
				CLANG_WARN_BLOCK_CAPTURE_AUTORELEASING = YES;
				CLANG_WARN_BOOL_CONVERSION = YES;
				CLANG_WARN_COMMA = YES;
				CLANG_WARN_CONSTANT_CONVERSION = YES;
				CLANG_WARN_DEPRECATED_OBJC_IMPLEMENTATIONS = YES;
				CLANG_WARN_DIRECT_OBJC_ISA_USAGE = YES_ERROR;
				CLANG_WARN_DOCUMENTATION_COMMENTS = YES;
				CLANG_WARN_EMPTY_BODY = YES;
				CLANG_WARN_ENUM_CONVERSION = YES;
				CLANG_WARN_INFINITE_RECURSION = YES;
				CLANG_WARN_INT_CONVERSION = YES;
				CLANG_WARN_NON_LITERAL_NULL_CONVERSION = YES;
				CLANG_WARN_OBJC_IMPLICIT_RETAIN_SELF = YES;
				CLANG_WARN_OBJC_LITERAL_CONVERSION = YES;
				CLANG_WARN_OBJC_ROOT_CLASS = YES_ERROR;
				CLANG_WARN_QUOTED_INCLUDE_IN_FRAMEWORK_HEADER = YES;
				CLANG_WARN_RANGE_LOOP_ANALYSIS = YES;
				CLANG_WARN_STRICT_PROTOTYPES = YES;
				CLANG_WARN_SUSPICIOUS_MOVE = YES;
				CLANG_WARN_UNGUARDED_AVAILABILITY = YES_AGGRESSIVE;
				CLANG_WARN_UNREACHABLE_CODE = YES;
				CLANG_WARN__DUPLICATE_METHOD_MATCH = YES;
				COPY_PHASE_STRIP = NO;
				DEBUG_INFORMATION_FORMAT = "dwarf-with-dsym";
				ENABLE_NS_ASSERTIONS = NO;
				ENABLE_STRICT_OBJC_MSGSEND = YES;
				GCC_C_LANGUAGE_STANDARD = gnu11;
				GCC_NO_COMMON_BLOCKS = YES;
				GCC_WARN_64_TO_32_BIT_CONVERSION = YES;
				GCC_WARN_ABOUT_RETURN_TYPE = YES_ERROR;
				GCC_WARN_UNDECLARED_SELECTOR = YES;
				GCC_WARN_UNINITIALIZED_AUTOS = YES_AGGRESSIVE;
				GCC_WARN_UNUSED_FUNCTION = YES;
				GCC_WARN_UNUSED_VARIABLE = YES;
				IPHONEOS_DEPLOYMENT_TARGET = 14.4;
				MTL_ENABLE_DEBUG_INFO = NO;
				MTL_FAST_MATH = YES;
				SDKROOT = iphoneos;
				SWIFT_COMPILATION_MODE = wholemodule;
				SWIFT_OPTIMIZATION_LEVEL = "-O";
				VALIDATE_PRODUCT = YES;
			};
			name = Release;
		};
		58650C1825CBEE7800C8ACAB /* Debug */ = {
			isa = XCBuildConfiguration;
			buildSettings = {
				ASSETCATALOG_COMPILER_APPICON_NAME = AppIcon;
				ASSETCATALOG_COMPILER_GLOBAL_ACCENT_COLOR_NAME = AccentColor;
				CODE_SIGN_STYLE = Automatic;
				DEVELOPMENT_TEAM = 93547K4K9K;
				INFOPLIST_FILE = changenew/Info.plist;
				LD_RUNPATH_SEARCH_PATHS = (
					"$(inherited)",
					"@executable_path/Frameworks",
				);
				PRODUCT_BUNDLE_IDENTIFIER = color.changenew;
				PRODUCT_NAME = "$(TARGET_NAME)";
				SWIFT_VERSION = 5.0;
				TARGETED_DEVICE_FAMILY = "1,2";
			};
			name = Debug;
		};
		58650C1925CBEE7800C8ACAB /* Release */ = {
			isa = XCBuildConfiguration;
			buildSettings = {
				ASSETCATALOG_COMPILER_APPICON_NAME = AppIcon;
				ASSETCATALOG_COMPILER_GLOBAL_ACCENT_COLOR_NAME = AccentColor;
				CODE_SIGN_STYLE = Automatic;
				DEVELOPMENT_TEAM = 93547K4K9K;
				INFOPLIST_FILE = changenew/Info.plist;
				LD_RUNPATH_SEARCH_PATHS = (
					"$(inherited)",
					"@executable_path/Frameworks",
				);
				PRODUCT_BUNDLE_IDENTIFIER = color.changenew;
				PRODUCT_NAME = "$(TARGET_NAME)";
				SWIFT_VERSION = 5.0;
				TARGETED_DEVICE_FAMILY = "1,2";
			};
			name = Release;
		};
/* End XCBuildConfiguration section */

/* Begin XCConfigurationList section */
		58650BFE25CBEE7700C8ACAB /* Build configuration list for PBXProject "changenew" */ = {
			isa = XCConfigurationList;
			buildConfigurations = (
				58650C1525CBEE7800C8ACAB /* Debug */,
				58650C1625CBEE7800C8ACAB /* Release */,
			);
			defaultConfigurationIsVisible = 0;
			defaultConfigurationName = Release;
		};
		58650C1725CBEE7800C8ACAB /* Build configuration list for PBXNativeTarget "changenew" */ = {
			isa = XCConfigurationList;
			buildConfigurations = (
				58650C1825CBEE7800C8ACAB /* Debug */,
				58650C1925CBEE7800C8ACAB /* Release */,
			);
			defaultConfigurationIsVisible = 0;
			defaultConfigurationName = Release;
		};
/* End XCConfigurationList section */
	};
	rootObject = 58650BFB25CBEE7700C8ACAB /* Project object */;
}
